// !$*UTF8*$!
{
	archiveVersion = 1;
	classes = {
	};
	objectVersion = 50;
	objects = {

/* Begin PBXBuildFile section */
		8952ED1AC215DEE18F59C08A /* Pods_MarketExample.framework in Frameworks */ = {isa = PBXBuildFile; fileRef = 78A1A291A66323958E5B8ABB /* Pods_MarketExample.framework */; };
		A3488152A308C0F7CAF2A570 /* Pods_MarketExampleTests.framework in Frameworks */ = {isa = PBXBuildFile; fileRef = F484CB296AFDE6E2602F74F1 /* Pods_MarketExampleTests.framework */; };
		B968AABF21862C74008E6A50 /* AppDelegate.swift in Sources */ = {isa = PBXBuildFile; fileRef = B968AABE21862C74008E6A50 /* AppDelegate.swift */; };
		B968AAC421862C74008E6A50 /* Main.storyboard in Resources */ = {isa = PBXBuildFile; fileRef = B968AAC221862C74008E6A50 /* Main.storyboard */; };
		B968AAC621862C75008E6A50 /* Assets.xcassets in Resources */ = {isa = PBXBuildFile; fileRef = B968AAC521862C75008E6A50 /* Assets.xcassets */; };
		B968AAC921862C75008E6A50 /* LaunchScreen.storyboard in Resources */ = {isa = PBXBuildFile; fileRef = B968AAC721862C75008E6A50 /* LaunchScreen.storyboard */; };
		B968AAE221862E1A008E6A50 /* ProductProtocols.swift in Sources */ = {isa = PBXBuildFile; fileRef = B968AAE121862E1A008E6A50 /* ProductProtocols.swift */; };
		B968AAE521862E75008E6A50 /* Product.swift in Sources */ = {isa = PBXBuildFile; fileRef = B968AAE421862E75008E6A50 /* Product.swift */; };
		B968AAE821862EC7008E6A50 /* ProductApi.swift in Sources */ = {isa = PBXBuildFile; fileRef = B968AAE721862EC7008E6A50 /* ProductApi.swift */; };
		B968AAEA21862F19008E6A50 /* ProductApiTests.swift in Sources */ = {isa = PBXBuildFile; fileRef = B968AAE921862F19008E6A50 /* ProductApiTests.swift */; };
		B968AAEC21863941008E6A50 /* ProductListView.swift in Sources */ = {isa = PBXBuildFile; fileRef = B968AAEB21863941008E6A50 /* ProductListView.swift */; };
		B968AAEE21863952008E6A50 /* ProductListViewModel.swift in Sources */ = {isa = PBXBuildFile; fileRef = B968AAED21863952008E6A50 /* ProductListViewModel.swift */; };
		B968AAF021863BC4008E6A50 /* ProductListViewModelTests.swift in Sources */ = {isa = PBXBuildFile; fileRef = B968AAEF21863BC4008E6A50 /* ProductListViewModelTests.swift */; };
		B968AAF4218645C6008E6A50 /* BasketListView.swift in Sources */ = {isa = PBXBuildFile; fileRef = B968AAF3218645C6008E6A50 /* BasketListView.swift */; };
		B968AAF6218645D5008E6A50 /* BasketListViewModel.swift in Sources */ = {isa = PBXBuildFile; fileRef = B968AAF5218645D5008E6A50 /* BasketListViewModel.swift */; };
		B968AAFA2186528A008E6A50 /* CurrencySymbols.json in Resources */ = {isa = PBXBuildFile; fileRef = B968AAF92186528A008E6A50 /* CurrencySymbols.json */; };
		B968AAFC21865338008E6A50 /* CurrencySymbol.swift in Sources */ = {isa = PBXBuildFile; fileRef = B968AAFB21865338008E6A50 /* CurrencySymbol.swift */; };
/* End PBXBuildFile section */

/* Begin PBXContainerItemProxy section */
		B968AAD021862C76008E6A50 /* PBXContainerItemProxy */ = {
			isa = PBXContainerItemProxy;
			containerPortal = B968AAB321862C74008E6A50 /* Project object */;
			proxyType = 1;
			remoteGlobalIDString = B968AABA21862C74008E6A50;
			remoteInfo = MarketExample;
		};
/* End PBXContainerItemProxy section */

/* Begin PBXFileReference section */
		325BBBBAC7C43CC1471F75C0 /* Pods-MarketExample.debug.xcconfig */ = {isa = PBXFileReference; includeInIndex = 1; lastKnownFileType = text.xcconfig; name = "Pods-MarketExample.debug.xcconfig"; path = "Target Support Files/Pods-MarketExample/Pods-MarketExample.debug.xcconfig"; sourceTree = "<group>"; };
		78A1A291A66323958E5B8ABB /* Pods_MarketExample.framework */ = {isa = PBXFileReference; explicitFileType = wrapper.framework; includeInIndex = 0; path = Pods_MarketExample.framework; sourceTree = BUILT_PRODUCTS_DIR; };
		B47710D1625E4C6D024C467A /* Pods-MarketExampleTests.release.xcconfig */ = {isa = PBXFileReference; includeInIndex = 1; lastKnownFileType = text.xcconfig; name = "Pods-MarketExampleTests.release.xcconfig"; path = "Target Support Files/Pods-MarketExampleTests/Pods-MarketExampleTests.release.xcconfig"; sourceTree = "<group>"; };
		B968AABB21862C74008E6A50 /* MarketExample.app */ = {isa = PBXFileReference; explicitFileType = wrapper.application; includeInIndex = 0; path = MarketExample.app; sourceTree = BUILT_PRODUCTS_DIR; };
		B968AABE21862C74008E6A50 /* AppDelegate.swift */ = {isa = PBXFileReference; lastKnownFileType = sourcecode.swift; path = AppDelegate.swift; sourceTree = "<group>"; };
		B968AAC321862C74008E6A50 /* Base */ = {isa = PBXFileReference; lastKnownFileType = file.storyboard; name = Base; path = Base.lproj/Main.storyboard; sourceTree = "<group>"; };
		B968AAC521862C75008E6A50 /* Assets.xcassets */ = {isa = PBXFileReference; lastKnownFileType = folder.assetcatalog; path = Assets.xcassets; sourceTree = "<group>"; };
		B968AAC821862C75008E6A50 /* Base */ = {isa = PBXFileReference; lastKnownFileType = file.storyboard; name = Base; path = Base.lproj/LaunchScreen.storyboard; sourceTree = "<group>"; };
		B968AACA21862C75008E6A50 /* Info.plist */ = {isa = PBXFileReference; lastKnownFileType = text.plist.xml; path = Info.plist; sourceTree = "<group>"; };
		B968AACF21862C76008E6A50 /* MarketExampleTests.xctest */ = {isa = PBXFileReference; explicitFileType = wrapper.cfbundle; includeInIndex = 0; path = MarketExampleTests.xctest; sourceTree = BUILT_PRODUCTS_DIR; };
		B968AAD521862C76008E6A50 /* Info.plist */ = {isa = PBXFileReference; lastKnownFileType = text.plist.xml; path = Info.plist; sourceTree = "<group>"; };
		B968AAE121862E1A008E6A50 /* ProductProtocols.swift */ = {isa = PBXFileReference; lastKnownFileType = sourcecode.swift; path = ProductProtocols.swift; sourceTree = "<group>"; };
		B968AAE421862E75008E6A50 /* Product.swift */ = {isa = PBXFileReference; lastKnownFileType = sourcecode.swift; path = Product.swift; sourceTree = "<group>"; };
		B968AAE721862EC7008E6A50 /* ProductApi.swift */ = {isa = PBXFileReference; lastKnownFileType = sourcecode.swift; path = ProductApi.swift; sourceTree = "<group>"; };
		B968AAE921862F19008E6A50 /* ProductApiTests.swift */ = {isa = PBXFileReference; lastKnownFileType = sourcecode.swift; path = ProductApiTests.swift; sourceTree = "<group>"; };
		B968AAEB21863941008E6A50 /* ProductListView.swift */ = {isa = PBXFileReference; lastKnownFileType = sourcecode.swift; path = ProductListView.swift; sourceTree = "<group>"; };
		B968AAED21863952008E6A50 /* ProductListViewModel.swift */ = {isa = PBXFileReference; lastKnownFileType = sourcecode.swift; path = ProductListViewModel.swift; sourceTree = "<group>"; };
		B968AAEF21863BC4008E6A50 /* ProductListViewModelTests.swift */ = {isa = PBXFileReference; lastKnownFileType = sourcecode.swift; path = ProductListViewModelTests.swift; sourceTree = "<group>"; };
		B968AAF3218645C6008E6A50 /* BasketListView.swift */ = {isa = PBXFileReference; lastKnownFileType = sourcecode.swift; path = BasketListView.swift; sourceTree = "<group>"; };
		B968AAF5218645D5008E6A50 /* BasketListViewModel.swift */ = {isa = PBXFileReference; lastKnownFileType = sourcecode.swift; path = BasketListViewModel.swift; sourceTree = "<group>"; };
		B968AAF92186528A008E6A50 /* CurrencySymbols.json */ = {isa = PBXFileReference; fileEncoding = 4; lastKnownFileType = text.json; path = CurrencySymbols.json; sourceTree = "<group>"; };
		B968AAFB21865338008E6A50 /* CurrencySymbol.swift */ = {isa = PBXFileReference; lastKnownFileType = sourcecode.swift; path = CurrencySymbol.swift; sourceTree = "<group>"; };
		DA0BD81CB354145197C62D41 /* Pods-MarketExampleTests.debug.xcconfig */ = {isa = PBXFileReference; includeInIndex = 1; lastKnownFileType = text.xcconfig; name = "Pods-MarketExampleTests.debug.xcconfig"; path = "Target Support Files/Pods-MarketExampleTests/Pods-MarketExampleTests.debug.xcconfig"; sourceTree = "<group>"; };
		F484CB296AFDE6E2602F74F1 /* Pods_MarketExampleTests.framework */ = {isa = PBXFileReference; explicitFileType = wrapper.framework; includeInIndex = 0; path = Pods_MarketExampleTests.framework; sourceTree = BUILT_PRODUCTS_DIR; };
		FFE880C6BD04FB409C422060 /* Pods-MarketExample.release.xcconfig */ = {isa = PBXFileReference; includeInIndex = 1; lastKnownFileType = text.xcconfig; name = "Pods-MarketExample.release.xcconfig"; path = "Target Support Files/Pods-MarketExample/Pods-MarketExample.release.xcconfig"; sourceTree = "<group>"; };
/* End PBXFileReference section */

/* Begin PBXFrameworksBuildPhase section */
		B968AAB821862C74008E6A50 /* Frameworks */ = {
			isa = PBXFrameworksBuildPhase;
			buildActionMask = 2147483647;
			files = (
				8952ED1AC215DEE18F59C08A /* Pods_MarketExample.framework in Frameworks */,
			);
			runOnlyForDeploymentPostprocessing = 0;
		};
		B968AACC21862C76008E6A50 /* Frameworks */ = {
			isa = PBXFrameworksBuildPhase;
			buildActionMask = 2147483647;
			files = (
				A3488152A308C0F7CAF2A570 /* Pods_MarketExampleTests.framework in Frameworks */,
			);
			runOnlyForDeploymentPostprocessing = 0;
		};
/* End PBXFrameworksBuildPhase section */

/* Begin PBXGroup section */
		5E7222D7C2F7F08B104F5A28 /* Pods */ = {
			isa = PBXGroup;
			children = (
				325BBBBAC7C43CC1471F75C0 /* Pods-MarketExample.debug.xcconfig */,
				FFE880C6BD04FB409C422060 /* Pods-MarketExample.release.xcconfig */,
				DA0BD81CB354145197C62D41 /* Pods-MarketExampleTests.debug.xcconfig */,
				B47710D1625E4C6D024C467A /* Pods-MarketExampleTests.release.xcconfig */,
			);
			path = Pods;
			sourceTree = "<group>";
		};
		76D5D982F1D64770FFF0966F /* Frameworks */ = {
			isa = PBXGroup;
			children = (
				78A1A291A66323958E5B8ABB /* Pods_MarketExample.framework */,
				F484CB296AFDE6E2602F74F1 /* Pods_MarketExampleTests.framework */,
			);
			name = Frameworks;
			sourceTree = "<group>";
		};
		B968AAB221862C74008E6A50 = {
			isa = PBXGroup;
			children = (
				B968AABD21862C74008E6A50 /* MarketExample */,
				B968AAD221862C76008E6A50 /* MarketExampleTests */,
				B968AABC21862C74008E6A50 /* Products */,
				5E7222D7C2F7F08B104F5A28 /* Pods */,
				76D5D982F1D64770FFF0966F /* Frameworks */,
			);
			sourceTree = "<group>";
		};
		B968AABC21862C74008E6A50 /* Products */ = {
			isa = PBXGroup;
			children = (
				B968AABB21862C74008E6A50 /* MarketExample.app */,
				B968AACF21862C76008E6A50 /* MarketExampleTests.xctest */,
			);
			name = Products;
			sourceTree = "<group>";
		};
		B968AABD21862C74008E6A50 /* MarketExample */ = {
			isa = PBXGroup;
			children = (
				B968AAF72186525A008E6A50 /* Helper */,
				B968AAE621862EA5008E6A50 /* Networking */,
				B968AAE021862DF2008E6A50 /* Protocols */,
				B968AADE21862DA2008E6A50 /* Screens */,
				B968AAE321862E58008E6A50 /* Models */,
				B968AABE21862C74008E6A50 /* AppDelegate.swift */,
				B968AAC221862C74008E6A50 /* Main.storyboard */,
				B968AAC521862C75008E6A50 /* Assets.xcassets */,
				B968AAC721862C75008E6A50 /* LaunchScreen.storyboard */,
				B968AACA21862C75008E6A50 /* Info.plist */,
			);
			path = MarketExample;
			sourceTree = "<group>";
		};
		B968AAD221862C76008E6A50 /* MarketExampleTests */ = {
			isa = PBXGroup;
			children = (
				B968AAE921862F19008E6A50 /* ProductApiTests.swift */,
				B968AAEF21863BC4008E6A50 /* ProductListViewModelTests.swift */,
				B968AAD521862C76008E6A50 /* Info.plist */,
			);
			path = MarketExampleTests;
			sourceTree = "<group>";
		};
		B968AADE21862DA2008E6A50 /* Screens */ = {
			isa = PBXGroup;
			children = (
				B968AAF221864332008E6A50 /* Basket */,
				B968AADF21862DAB008E6A50 /* Products */,
			);
			path = Screens;
			sourceTree = "<group>";
		};
		B968AADF21862DAB008E6A50 /* Products */ = {
			isa = PBXGroup;
			children = (
				B968AAEB21863941008E6A50 /* ProductListView.swift */,
				B968AAED21863952008E6A50 /* ProductListViewModel.swift */,
			);
			path = Products;
			sourceTree = "<group>";
		};
		B968AAE021862DF2008E6A50 /* Protocols */ = {
			isa = PBXGroup;
			children = (
				B968AAE121862E1A008E6A50 /* ProductProtocols.swift */,
			);
			path = Protocols;
			sourceTree = "<group>";
		};
		B968AAE321862E58008E6A50 /* Models */ = {
			isa = PBXGroup;
			children = (
				B968AAE421862E75008E6A50 /* Product.swift */,
				B968AAFB21865338008E6A50 /* CurrencySymbol.swift */,
			);
			path = Models;
			sourceTree = "<group>";
		};
		B968AAE621862EA5008E6A50 /* Networking */ = {
			isa = PBXGroup;
			children = (
				B968AAE721862EC7008E6A50 /* ProductApi.swift */,
			);
			path = Networking;
			sourceTree = "<group>";
		};
		B968AAF221864332008E6A50 /* Basket */ = {
			isa = PBXGroup;
			children = (
				B968AAF3218645C6008E6A50 /* BasketListView.swift */,
				B968AAF5218645D5008E6A50 /* BasketListViewModel.swift */,
			);
			path = Basket;
			sourceTree = "<group>";
		};
		B968AAF72186525A008E6A50 /* Helper */ = {
			isa = PBXGroup;
			children = (
				B968AAF82186526C008E6A50 /* Currency */,
			);
			path = Helper;
			sourceTree = "<group>";
		};
		B968AAF82186526C008E6A50 /* Currency */ = {
			isa = PBXGroup;
			children = (
				B968AAF92186528A008E6A50 /* CurrencySymbols.json */,
			);
			path = Currency;
			sourceTree = "<group>";
		};
/* End PBXGroup section */

/* Begin PBXNativeTarget section */
		B968AABA21862C74008E6A50 /* MarketExample */ = {
			isa = PBXNativeTarget;
			buildConfigurationList = B968AAD821862C76008E6A50 /* Build configuration list for PBXNativeTarget "MarketExample" */;
			buildPhases = (
				4A34F78A0B065AF9873638B2 /* [CP] Check Pods Manifest.lock */,
				B968AAB721862C74008E6A50 /* Sources */,
				B968AAB821862C74008E6A50 /* Frameworks */,
				B968AAB921862C74008E6A50 /* Resources */,
				BBB50A5E96A0E4EFB725F250 /* [CP] Embed Pods Frameworks */,
			);
			buildRules = (
			);
			dependencies = (
			);
			name = MarketExample;
			productName = MarketExample;
			productReference = B968AABB21862C74008E6A50 /* MarketExample.app */;
			productType = "com.apple.product-type.application";
		};
		B968AACE21862C76008E6A50 /* MarketExampleTests */ = {
			isa = PBXNativeTarget;
			buildConfigurationList = B968AADB21862C76008E6A50 /* Build configuration list for PBXNativeTarget "MarketExampleTests" */;
			buildPhases = (
				8BEEDF89ACB1F157EDB159C3 /* [CP] Check Pods Manifest.lock */,
				B968AACB21862C76008E6A50 /* Sources */,
				B968AACC21862C76008E6A50 /* Frameworks */,
				B968AACD21862C76008E6A50 /* Resources */,
				49F72454584BAFE9A8FE5263 /* [CP] Embed Pods Frameworks */,
			);
			buildRules = (
			);
			dependencies = (
				B968AAD121862C76008E6A50 /* PBXTargetDependency */,
			);
			name = MarketExampleTests;
			productName = MarketExampleTests;
			productReference = B968AACF21862C76008E6A50 /* MarketExampleTests.xctest */;
			productType = "com.apple.product-type.bundle.unit-test";
		};
/* End PBXNativeTarget section */

/* Begin PBXProject section */
		B968AAB321862C74008E6A50 /* Project object */ = {
			isa = PBXProject;
			attributes = {
				LastSwiftUpdateCheck = 1000;
				LastUpgradeCheck = 1000;
				ORGANIZATIONNAME = "Alper KARATAS";
				TargetAttributes = {
					B968AABA21862C74008E6A50 = {
						CreatedOnToolsVersion = 10.0;
					};
					B968AACE21862C76008E6A50 = {
						CreatedOnToolsVersion = 10.0;
						TestTargetID = B968AABA21862C74008E6A50;
					};
				};
			};
			buildConfigurationList = B968AAB621862C74008E6A50 /* Build configuration list for PBXProject "MarketExample" */;
			compatibilityVersion = "Xcode 9.3";
			developmentRegion = en;
			hasScannedForEncodings = 0;
			knownRegions = (
				en,
				Base,
			);
			mainGroup = B968AAB221862C74008E6A50;
			productRefGroup = B968AABC21862C74008E6A50 /* Products */;
			projectDirPath = "";
			projectRoot = "";
			targets = (
				B968AABA21862C74008E6A50 /* MarketExample */,
				B968AACE21862C76008E6A50 /* MarketExampleTests */,
			);
		};
/* End PBXProject section */

/* Begin PBXResourcesBuildPhase section */
		B968AAB921862C74008E6A50 /* Resources */ = {
			isa = PBXResourcesBuildPhase;
			buildActionMask = 2147483647;
			files = (
				B968AAFA2186528A008E6A50 /* CurrencySymbols.json in Resources */,
				B968AAC921862C75008E6A50 /* LaunchScreen.storyboard in Resources */,
				B968AAC621862C75008E6A50 /* Assets.xcassets in Resources */,
				B968AAC421862C74008E6A50 /* Main.storyboard in Resources */,
			);
			runOnlyForDeploymentPostprocessing = 0;
		};
		B968AACD21862C76008E6A50 /* Resources */ = {
			isa = PBXResourcesBuildPhase;
			buildActionMask = 2147483647;
			files = (
			);
			runOnlyForDeploymentPostprocessing = 0;
		};
/* End PBXResourcesBuildPhase section */

/* Begin PBXShellScriptBuildPhase section */
		49F72454584BAFE9A8FE5263 /* [CP] Embed Pods Frameworks */ = {
			isa = PBXShellScriptBuildPhase;
			buildActionMask = 2147483647;
			files = (
			);
			inputFileListPaths = (
			);
			inputPaths = (
				"${PODS_ROOT}/Target Support Files/Pods-MarketExampleTests/Pods-MarketExampleTests-frameworks.sh",
				"${BUILT_PRODUCTS_DIR}/Alamofire/Alamofire.framework",
				"${BUILT_PRODUCTS_DIR}/Moya/Moya.framework",
				"${BUILT_PRODUCTS_DIR}/Result/Result.framework",
				"${BUILT_PRODUCTS_DIR}/RxSwift/RxSwift.framework",
				"${BUILT_PRODUCTS_DIR}/Nimble/Nimble.framework",
				"${BUILT_PRODUCTS_DIR}/Quick/Quick.framework",
			);
			name = "[CP] Embed Pods Frameworks";
			outputFileListPaths = (
			);
			outputPaths = (
				"${TARGET_BUILD_DIR}/${FRAMEWORKS_FOLDER_PATH}/Alamofire.framework",
				"${TARGET_BUILD_DIR}/${FRAMEWORKS_FOLDER_PATH}/Moya.framework",
				"${TARGET_BUILD_DIR}/${FRAMEWORKS_FOLDER_PATH}/Result.framework",
				"${TARGET_BUILD_DIR}/${FRAMEWORKS_FOLDER_PATH}/RxSwift.framework",
				"${TARGET_BUILD_DIR}/${FRAMEWORKS_FOLDER_PATH}/Nimble.framework",
				"${TARGET_BUILD_DIR}/${FRAMEWORKS_FOLDER_PATH}/Quick.framework",
			);
			runOnlyForDeploymentPostprocessing = 0;
			shellPath = /bin/sh;
			shellScript = "\"${PODS_ROOT}/Target Support Files/Pods-MarketExampleTests/Pods-MarketExampleTests-frameworks.sh\"\n";
			showEnvVarsInLog = 0;
		};
		4A34F78A0B065AF9873638B2 /* [CP] Check Pods Manifest.lock */ = {
			isa = PBXShellScriptBuildPhase;
			buildActionMask = 2147483647;
			files = (
			);
			inputFileListPaths = (
			);
			inputPaths = (
				"${PODS_PODFILE_DIR_PATH}/Podfile.lock",
				"${PODS_ROOT}/Manifest.lock",
			);
			name = "[CP] Check Pods Manifest.lock";
			outputFileListPaths = (
			);
			outputPaths = (
				"$(DERIVED_FILE_DIR)/Pods-MarketExample-checkManifestLockResult.txt",
			);
			runOnlyForDeploymentPostprocessing = 0;
			shellPath = /bin/sh;
			shellScript = "diff \"${PODS_PODFILE_DIR_PATH}/Podfile.lock\" \"${PODS_ROOT}/Manifest.lock\" > /dev/null\nif [ $? != 0 ] ; then\n    # print error to STDERR\n    echo \"error: The sandbox is not in sync with the Podfile.lock. Run 'pod install' or update your CocoaPods installation.\" >&2\n    exit 1\nfi\n# This output is used by Xcode 'outputs' to avoid re-running this script phase.\necho \"SUCCESS\" > \"${SCRIPT_OUTPUT_FILE_0}\"\n";
			showEnvVarsInLog = 0;
		};
		8BEEDF89ACB1F157EDB159C3 /* [CP] Check Pods Manifest.lock */ = {
			isa = PBXShellScriptBuildPhase;
			buildActionMask = 2147483647;
			files = (
			);
			inputFileListPaths = (
			);
			inputPaths = (
				"${PODS_PODFILE_DIR_PATH}/Podfile.lock",
				"${PODS_ROOT}/Manifest.lock",
			);
			name = "[CP] Check Pods Manifest.lock";
			outputFileListPaths = (
			);
			outputPaths = (
				"$(DERIVED_FILE_DIR)/Pods-MarketExampleTests-checkManifestLockResult.txt",
			);
			runOnlyForDeploymentPostprocessing = 0;
			shellPath = /bin/sh;
			shellScript = "diff \"${PODS_PODFILE_DIR_PATH}/Podfile.lock\" \"${PODS_ROOT}/Manifest.lock\" > /dev/null\nif [ $? != 0 ] ; then\n    # print error to STDERR\n    echo \"error: The sandbox is not in sync with the Podfile.lock. Run 'pod install' or update your CocoaPods installation.\" >&2\n    exit 1\nfi\n# This output is used by Xcode 'outputs' to avoid re-running this script phase.\necho \"SUCCESS\" > \"${SCRIPT_OUTPUT_FILE_0}\"\n";
			showEnvVarsInLog = 0;
		};
		BBB50A5E96A0E4EFB725F250 /* [CP] Embed Pods Frameworks */ = {
			isa = PBXShellScriptBuildPhase;
			buildActionMask = 2147483647;
			files = (
			);
			inputFileListPaths = (
			);
			inputPaths = (
				"${PODS_ROOT}/Target Support Files/Pods-MarketExample/Pods-MarketExample-frameworks.sh",
				"${BUILT_PRODUCTS_DIR}/Alamofire/Alamofire.framework",
				"${BUILT_PRODUCTS_DIR}/McPicker/McPicker.framework",
				"${BUILT_PRODUCTS_DIR}/Moya/Moya.framework",
				"${BUILT_PRODUCTS_DIR}/Result/Result.framework",
				"${BUILT_PRODUCTS_DIR}/RxCocoa/RxCocoa.framework",
				"${BUILT_PRODUCTS_DIR}/RxSwift/RxSwift.framework",
			);
			name = "[CP] Embed Pods Frameworks";
			outputFileListPaths = (
			);
			outputPaths = (
				"${TARGET_BUILD_DIR}/${FRAMEWORKS_FOLDER_PATH}/Alamofire.framework",
				"${TARGET_BUILD_DIR}/${FRAMEWORKS_FOLDER_PATH}/McPicker.framework",
				"${TARGET_BUILD_DIR}/${FRAMEWORKS_FOLDER_PATH}/Moya.framework",
				"${TARGET_BUILD_DIR}/${FRAMEWORKS_FOLDER_PATH}/Result.framework",
				"${TARGET_BUILD_DIR}/${FRAMEWORKS_FOLDER_PATH}/RxCocoa.framework",
				"${TARGET_BUILD_DIR}/${FRAMEWORKS_FOLDER_PATH}/RxSwift.framework",
			);
			runOnlyForDeploymentPostprocessing = 0;
			shellPath = /bin/sh;
			shellScript = "\"${PODS_ROOT}/Target Support Files/Pods-MarketExample/Pods-MarketExample-frameworks.sh\"\n";
			showEnvVarsInLog = 0;
		};
/* End PBXShellScriptBuildPhase section */

/* Begin PBXSourcesBuildPhase section */
		B968AAB721862C74008E6A50 /* Sources */ = {
			isa = PBXSourcesBuildPhase;
			buildActionMask = 2147483647;
			files = (
				B968AAFC21865338008E6A50 /* CurrencySymbol.swift in Sources */,
				B968AAEC21863941008E6A50 /* ProductListView.swift in Sources */,
				B968AAE521862E75008E6A50 /* Product.swift in Sources */,
				B968AAEE21863952008E6A50 /* ProductListViewModel.swift in Sources */,
				B968AAE221862E1A008E6A50 /* ProductProtocols.swift in Sources */,
				B968AAE821862EC7008E6A50 /* ProductApi.swift in Sources */,
				B968AAF4218645C6008E6A50 /* BasketListView.swift in Sources */,
				B968AAF6218645D5008E6A50 /* BasketListViewModel.swift in Sources */,
				B968AABF21862C74008E6A50 /* AppDelegate.swift in Sources */,
			);
			runOnlyForDeploymentPostprocessing = 0;
		};
		B968AACB21862C76008E6A50 /* Sources */ = {
			isa = PBXSourcesBuildPhase;
			buildActionMask = 2147483647;
			files = (
				B968AAF021863BC4008E6A50 /* ProductListViewModelTests.swift in Sources */,
				B968AAEA21862F19008E6A50 /* ProductApiTests.swift in Sources */,
			);
			runOnlyForDeploymentPostprocessing = 0;
		};
/* End PBXSourcesBuildPhase section */

/* Begin PBXTargetDependency section */
		B968AAD121862C76008E6A50 /* PBXTargetDependency */ = {
			isa = PBXTargetDependency;
			target = B968AABA21862C74008E6A50 /* MarketExample */;
			targetProxy = B968AAD021862C76008E6A50 /* PBXContainerItemProxy */;
		};
/* End PBXTargetDependency section */

/* Begin PBXVariantGroup section */
		B968AAC221862C74008E6A50 /* Main.storyboard */ = {
			isa = PBXVariantGroup;
			children = (
				B968AAC321862C74008E6A50 /* Base */,
			);
			name = Main.storyboard;
			sourceTree = "<group>";
		};
		B968AAC721862C75008E6A50 /* LaunchScreen.storyboard */ = {
			isa = PBXVariantGroup;
			children = (
				B968AAC821862C75008E6A50 /* Base */,
			);
			name = LaunchScreen.storyboard;
			sourceTree = "<group>";
		};
/* End PBXVariantGroup section */

/* Begin XCBuildConfiguration section */
		B968AAD621862C76008E6A50 /* Debug */ = {
			isa = XCBuildConfiguration;
			buildSettings = {
				ALWAYS_SEARCH_USER_PATHS = NO;
				CLANG_ANALYZER_NONNULL = YES;
				CLANG_ANALYZER_NUMBER_OBJECT_CONVERSION = YES_AGGRESSIVE;
				CLANG_CXX_LANGUAGE_STANDARD = "gnu++14";
				CLANG_CXX_LIBRARY = "libc++";
				CLANG_ENABLE_MODULES = YES;
				CLANG_ENABLE_OBJC_ARC = YES;
				CLANG_ENABLE_OBJC_WEAK = YES;
				CLANG_WARN_BLOCK_CAPTURE_AUTORELEASING = YES;
				CLANG_WARN_BOOL_CONVERSION = YES;
				CLANG_WARN_COMMA = YES;
				CLANG_WARN_CONSTANT_CONVERSION = YES;
				CLANG_WARN_DEPRECATED_OBJC_IMPLEMENTATIONS = YES;
				CLANG_WARN_DIRECT_OBJC_ISA_USAGE = YES_ERROR;
				CLANG_WARN_DOCUMENTATION_COMMENTS = YES;
				CLANG_WARN_EMPTY_BODY = YES;
				CLANG_WARN_ENUM_CONVERSION = YES;
				CLANG_WARN_INFINITE_RECURSION = YES;
				CLANG_WARN_INT_CONVERSION = YES;
				CLANG_WARN_NON_LITERAL_NULL_CONVERSION = YES;
				CLANG_WARN_OBJC_IMPLICIT_RETAIN_SELF = YES;
				CLANG_WARN_OBJC_LITERAL_CONVERSION = YES;
				CLANG_WARN_OBJC_ROOT_CLASS = YES_ERROR;
				CLANG_WARN_RANGE_LOOP_ANALYSIS = YES;
				CLANG_WARN_STRICT_PROTOTYPES = YES;
				CLANG_WARN_SUSPICIOUS_MOVE = YES;
				CLANG_WARN_UNGUARDED_AVAILABILITY = YES_AGGRESSIVE;
				CLANG_WARN_UNREACHABLE_CODE = YES;
				CLANG_WARN__DUPLICATE_METHOD_MATCH = YES;
				CODE_SIGN_IDENTITY = "iPhone Developer";
				COPY_PHASE_STRIP = NO;
				DEBUG_INFORMATION_FORMAT = dwarf;
				ENABLE_STRICT_OBJC_MSGSEND = YES;
				ENABLE_TESTABILITY = YES;
				GCC_C_LANGUAGE_STANDARD = gnu11;
				GCC_DYNAMIC_NO_PIC = NO;
				GCC_NO_COMMON_BLOCKS = YES;
				GCC_OPTIMIZATION_LEVEL = 0;
				GCC_PREPROCESSOR_DEFINITIONS = (
					"DEBUG=1",
					"$(inherited)",
				);
				GCC_WARN_64_TO_32_BIT_CONVERSION = YES;
				GCC_WARN_ABOUT_RETURN_TYPE = YES_ERROR;
				GCC_WARN_UNDECLARED_SELECTOR = YES;
				GCC_WARN_UNINITIALIZED_AUTOS = YES_AGGRESSIVE;
				GCC_WARN_UNUSED_FUNCTION = YES;
				GCC_WARN_UNUSED_VARIABLE = YES;
				IPHONEOS_DEPLOYMENT_TARGET = 12.0;
				MTL_ENABLE_DEBUG_INFO = INCLUDE_SOURCE;
				MTL_FAST_MATH = YES;
				ONLY_ACTIVE_ARCH = YES;
				SDKROOT = iphoneos;
				SWIFT_ACTIVE_COMPILATION_CONDITIONS = DEBUG;
				SWIFT_OPTIMIZATION_LEVEL = "-Onone";
			};
			name = Debug;
		};
		B968AAD721862C76008E6A50 /* Release */ = {
			isa = XCBuildConfiguration;
			buildSettings = {
				ALWAYS_SEARCH_USER_PATHS = NO;
				CLANG_ANALYZER_NONNULL = YES;
				CLANG_ANALYZER_NUMBER_OBJECT_CONVERSION = YES_AGGRESSIVE;
				CLANG_CXX_LANGUAGE_STANDARD = "gnu++14";
				CLANG_CXX_LIBRARY = "libc++";
				CLANG_ENABLE_MODULES = YES;
				CLANG_ENABLE_OBJC_ARC = YES;
				CLANG_ENABLE_OBJC_WEAK = YES;
				CLANG_WARN_BLOCK_CAPTURE_AUTORELEASING = YES;
				CLANG_WARN_BOOL_CONVERSION = YES;
				CLANG_WARN_COMMA = YES;
				CLANG_WARN_CONSTANT_CONVERSION = YES;
				CLANG_WARN_DEPRECATED_OBJC_IMPLEMENTATIONS = YES;
				CLANG_WARN_DIRECT_OBJC_ISA_USAGE = YES_ERROR;
				CLANG_WARN_DOCUMENTATION_COMMENTS = YES;
				CLANG_WARN_EMPTY_BODY = YES;
				CLANG_WARN_ENUM_CONVERSION = YES;
				CLANG_WARN_INFINITE_RECURSION = YES;
				CLANG_WARN_INT_CONVERSION = YES;
				CLANG_WARN_NON_LITERAL_NULL_CONVERSION = YES;
				CLANG_WARN_OBJC_IMPLICIT_RETAIN_SELF = YES;
				CLANG_WARN_OBJC_LITERAL_CONVERSION = YES;
				CLANG_WARN_OBJC_ROOT_CLASS = YES_ERROR;
				CLANG_WARN_RANGE_LOOP_ANALYSIS = YES;
				CLANG_WARN_STRICT_PROTOTYPES = YES;
				CLANG_WARN_SUSPICIOUS_MOVE = YES;
				CLANG_WARN_UNGUARDED_AVAILABILITY = YES_AGGRESSIVE;
				CLANG_WARN_UNREACHABLE_CODE = YES;
				CLANG_WARN__DUPLICATE_METHOD_MATCH = YES;
				CODE_SIGN_IDENTITY = "iPhone Developer";
				COPY_PHASE_STRIP = NO;
				DEBUG_INFORMATION_FORMAT = "dwarf-with-dsym";
				ENABLE_NS_ASSERTIONS = NO;
				ENABLE_STRICT_OBJC_MSGSEND = YES;
				GCC_C_LANGUAGE_STANDARD = gnu11;
				GCC_NO_COMMON_BLOCKS = YES;
				GCC_WARN_64_TO_32_BIT_CONVERSION = YES;
				GCC_WARN_ABOUT_RETURN_TYPE = YES_ERROR;
				GCC_WARN_UNDECLARED_SELECTOR = YES;
				GCC_WARN_UNINITIALIZED_AUTOS = YES_AGGRESSIVE;
				GCC_WARN_UNUSED_FUNCTION = YES;
				GCC_WARN_UNUSED_VARIABLE = YES;
				IPHONEOS_DEPLOYMENT_TARGET = 12.0;
				MTL_ENABLE_DEBUG_INFO = NO;
				MTL_FAST_MATH = YES;
				SDKROOT = iphoneos;
				SWIFT_COMPILATION_MODE = wholemodule;
				SWIFT_OPTIMIZATION_LEVEL = "-O";
				VALIDATE_PRODUCT = YES;
			};
			name = Release;
		};
		B968AAD921862C76008E6A50 /* Debug */ = {
			isa = XCBuildConfiguration;
			baseConfigurationReference = 325BBBBAC7C43CC1471F75C0 /* Pods-MarketExample.debug.xcconfig */;
			buildSettings = {
				ASSETCATALOG_COMPILER_APPICON_NAME = AppIcon;
				CODE_SIGN_STYLE = Automatic;
				DEVELOPMENT_TEAM = TTGLG4RDPC;
				INFOPLIST_FILE = MarketExample/Info.plist;
				LD_RUNPATH_SEARCH_PATHS = (
					"$(inherited)",
					"@executable_path/Frameworks",
				);
				PRODUCT_BUNDLE_IDENTIFIER = com.appncode.MarketExample;
				PRODUCT_NAME = "$(TARGET_NAME)";
				SWIFT_VERSION = 4.2;
				TARGETED_DEVICE_FAMILY = "1,2";
			};
			name = Debug;
		};
		B968AADA21862C76008E6A50 /* Release */ = {
			isa = XCBuildConfiguration;
			baseConfigurationReference = FFE880C6BD04FB409C422060 /* Pods-MarketExample.release.xcconfig */;
			buildSettings = {
				ASSETCATALOG_COMPILER_APPICON_NAME = AppIcon;
				CODE_SIGN_STYLE = Automatic;
				DEVELOPMENT_TEAM = TTGLG4RDPC;
				INFOPLIST_FILE = MarketExample/Info.plist;
				LD_RUNPATH_SEARCH_PATHS = (
					"$(inherited)",
					"@executable_path/Frameworks",
				);
				PRODUCT_BUNDLE_IDENTIFIER = com.appncode.MarketExample;
				PRODUCT_NAME = "$(TARGET_NAME)";
				SWIFT_VERSION = 4.2;
				TARGETED_DEVICE_FAMILY = "1,2";
			};
			name = Release;
		};
		B968AADC21862C76008E6A50 /* Debug */ = {
			isa = XCBuildConfiguration;
			baseConfigurationReference = DA0BD81CB354145197C62D41 /* Pods-MarketExampleTests.debug.xcconfig */;
			buildSettings = {
				ALWAYS_EMBED_SWIFT_STANDARD_LIBRARIES = YES;
				BUNDLE_LOADER = "$(TEST_HOST)";
				CODE_SIGN_STYLE = Automatic;
				DEVELOPMENT_TEAM = TTGLG4RDPC;
				INFOPLIST_FILE = MarketExampleTests/Info.plist;
				LD_RUNPATH_SEARCH_PATHS = (
					"$(inherited)",
					"@executable_path/Frameworks",
					"@loader_path/Frameworks",
				);
				PRODUCT_BUNDLE_IDENTIFIER = com.appncode.MarketExampleTests;
				PRODUCT_NAME = "$(TARGET_NAME)";
				SWIFT_VERSION = 4.2;
				TARGETED_DEVICE_FAMILY = "1,2";
				TEST_HOST = "$(BUILT_PRODUCTS_DIR)/MarketExample.app/MarketExample";
			};
			name = Debug;
		};
		B968AADD21862C76008E6A50 /* Release */ = {
			isa = XCBuildConfiguration;
			baseConfigurationReference = B47710D1625E4C6D024C467A /* Pods-MarketExampleTests.release.xcconfig */;
			buildSettings = {
				ALWAYS_EMBED_SWIFT_STANDARD_LIBRARIES = YES;
				BUNDLE_LOADER = "$(TEST_HOST)";
				CODE_SIGN_STYLE = Automatic;
				DEVELOPMENT_TEAM = TTGLG4RDPC;
				INFOPLIST_FILE = MarketExampleTests/Info.plist;
				LD_RUNPATH_SEARCH_PATHS = (
					"$(inherited)",
					"@executable_path/Frameworks",
					"@loader_path/Frameworks",
				);
				PRODUCT_BUNDLE_IDENTIFIER = com.appncode.MarketExampleTests;
				PRODUCT_NAME = "$(TARGET_NAME)";
				SWIFT_VERSION = 4.2;
				TARGETED_DEVICE_FAMILY = "1,2";
				TEST_HOST = "$(BUILT_PRODUCTS_DIR)/MarketExample.app/MarketExample";
			};
			name = Release;
		};
/* End XCBuildConfiguration section */

/* Begin XCConfigurationList section */
		B968AAB621862C74008E6A50 /* Build configuration list for PBXProject "MarketExample" */ = {
			isa = XCConfigurationList;
			buildConfigurations = (
				B968AAD621862C76008E6A50 /* Debug */,
				B968AAD721862C76008E6A50 /* Release */,
			);
			defaultConfigurationIsVisible = 0;
			defaultConfigurationName = Release;
		};
		B968AAD821862C76008E6A50 /* Build configuration list for PBXNativeTarget "MarketExample" */ = {
			isa = XCConfigurationList;
			buildConfigurations = (
				B968AAD921862C76008E6A50 /* Debug */,
				B968AADA21862C76008E6A50 /* Release */,
			);
			defaultConfigurationIsVisible = 0;
			defaultConfigurationName = Release;
		};
		B968AADB21862C76008E6A50 /* Build configuration list for PBXNativeTarget "MarketExampleTests" */ = {
			isa = XCConfigurationList;
			buildConfigurations = (
				B968AADC21862C76008E6A50 /* Debug */,
				B968AADD21862C76008E6A50 /* Release */,
			);
			defaultConfigurationIsVisible = 0;
			defaultConfigurationName = Release;
		};
/* End XCConfigurationList section */
	};
	rootObject = B968AAB321862C74008E6A50 /* Project object */;
}
